{
  "name": "cordova-plugin-document-scanner",
  "version": "5.0.0-sdk-33",
  "lockfileVersion": 2,
  "requires": true,
  "packages": {
    "": {
      "name": "cordova-plugin-document-scanner",
      "version": "5.0.0-sdk-33",
      "license": "ISC",
      "engines": {
        "cordovaDependencies": {
          "cordova-android": ">=6.4.0",
          "cordova-ios": ">=4.5.4"
        }
      }
    }
  }
}
